<?xml version="1.0" encoding="utf-8"?>
<Project ToolsVersion="4.0" xmlns="http://schemas.microsoft.com/developer/msbuild/2003">
  <ItemGroup>
    <ClCompile Include="binary.cpp" />
    <ClCompile Include="bitbyte.cpp" />
    <ClCompile Include="call.cpp" />
    <ClCompile Include="cmov.cpp" />
    <ClCompile Include="conditional_branch.cpp" />
    <ClCompile Include="convert.cpp" />
    <ClCompile Include="dataxfer.cpp" />
    <ClCompile Include="decimal.cpp" />
    <ClCompile Include="flagop.cpp" />
    <ClCompile Include="initialize.cpp" />
    <ClCompile Include="instrumentation.cpp" />
    <ClCompile Include="logical.cpp" />
    <ClCompile Include="main.cpp" />
    <ClCompile Include="misc.cpp" />
    <ClCompile Include="ObjectSource.cpp" />
    <ClCompile Include="pop.cpp" />
    <ClCompile Include="push.cpp" />
    <ClCompile Include="ret.cpp" />
    <ClCompile Include="rotate.cpp" />
    <ClCompile Include="semaphore.cpp" />
    <ClCompile Include="shift.cpp" />
    <ClCompile Include="stringop.cpp" />
    <ClCompile Include="syscalls.cpp" />
    <ClCompile Include="TaintObject.cpp" />
    <ClCompile Include="buildFormula.cpp" />
    <ClCompile Include="unconditional_branch.cpp" />
    <ClCompile Include="utils.cpp" />
  </ItemGroup>
  <ItemGroup>
    <ClInclude Include="bitbyte.h" />
    <ClInclude Include="bitbyte.hpp" />
    <ClInclude Include="convert.h" />
    <ClInclude Include="decimal.h" />
    <ClInclude Include="enumOsType.h" />
    <ClInclude Include="flagop.h" />
    <ClInclude Include="misc.hpp" />
    <ClInclude Include="pintool.h" />
    <ClInclude Include="pop.hpp" />
    <ClInclude Include="push.hpp" />
    <ClInclude Include="ret.h" />
    <ClInclude Include="rotate.h" />
    <ClInclude Include="rotate.hpp" />
    <ClInclude Include="semaphore.h" />
    <ClInclude Include="semaphore.hpp" />
    <ClInclude Include="shift.hpp" />
    <ClInclude Include="stringop.hpp" />
    <ClInclude Include="unconditional_branch.h" />
    <ClInclude Include="binary.hpp" />
    <ClInclude Include="dataxfer.hpp" />
    <ClInclude Include="utils.hpp" />
    <ClInclude Include="architecture.h" />
    <ClInclude Include="binary.h" />
    <ClInclude Include="call.h" />
    <ClInclude Include="cmov.h" />
    <ClInclude Include="conditional_branch.h" />
    <ClInclude Include="dataxfer.h" />
    <ClInclude Include="instrumentation.h" />
    <ClInclude Include="logical.h" />
    <ClInclude Include="logical.hpp" />
    <ClInclude Include="misc.h" />
    <ClInclude Include="ObjectSource.h" />
    <ClInclude Include="pop.h" />
    <ClInclude Include="push.h" />
    <ClInclude Include="relations.h" />
    <ClInclude Include="shift.h" />
    <ClInclude Include="stringop.h" />
    <ClInclude Include="syscalls.h" />
    <ClInclude Include="TaintManager.h" />
    <ClInclude Include="TaintObject.h" />
    <ClInclude Include="buildFormula.h" />
    <ClInclude Include="utils.h" />
  </ItemGroup>
</Project>