<?xml version="1.0" encoding="utf-8"?>
<Project ToolsVersion="4.0" xmlns="http://schemas.microsoft.com/developer/msbuild/2003">
  <ItemGroup>
    <ClCompile Include="cmov.cpp" />
    <ClCompile Include="conditional_branch.cpp" />
    <ClCompile Include="convert.cpp" />
    <ClCompile Include="flagop.cpp" />
    <ClCompile Include="initialize.cpp" />
    <ClCompile Include="instrumentation.cpp" />
    <ClCompile Include="logical.cpp" />
    <ClCompile Include="main.cpp" />
    <ClCompile Include="misc.cpp" />
    <ClCompile Include="pop.cpp" />
    <ClCompile Include="push.cpp" />
    <ClCompile Include="ret.cpp" />
    <ClCompile Include="rotate.cpp" />
    <ClCompile Include="semaphore.cpp" />
    <ClCompile Include="shift.cpp" />
    <ClCompile Include="stringop.cpp" />
    <ClCompile Include="syscalls.cpp" />
    <ClCompile Include="unconditional_branch.cpp" />
    <ClCompile Include="utils.cpp" />
    <ClCompile Include="binary.cpp">
      <Filter>Binary</Filter>
    </ClCompile>
    <ClCompile Include="bitbyte.cpp">
      <Filter>BitByte</Filter>
    </ClCompile>
    <ClCompile Include="dataxfer.cpp">
      <Filter>Dataxfer</Filter>
    </ClCompile>
    <ClCompile Include="decimal.cpp">
      <Filter>Decimal</Filter>
    </ClCompile>
    <ClCompile Include="ObjectSource.cpp">
      <Filter>Taint classes</Filter>
    </ClCompile>
    <ClCompile Include="TaintObject.cpp">
      <Filter>Taint classes</Filter>
    </ClCompile>
    <ClCompile Include="buildFormula.cpp">
      <Filter>BuildFormula</Filter>
    </ClCompile>
    <ClCompile Include="call.cpp">
      <Filter>Call</Filter>
    </ClCompile>
  </ItemGroup>
  <ItemGroup>
    <ClInclude Include="convert.h" />
    <ClInclude Include="enumOsType.h" />
    <ClInclude Include="flagop.h" />
    <ClInclude Include="misc.hpp" />
    <ClInclude Include="pintool.h" />
    <ClInclude Include="pop.hpp" />
    <ClInclude Include="push.hpp" />
    <ClInclude Include="ret.h" />
    <ClInclude Include="rotate.h" />
    <ClInclude Include="rotate.hpp" />
    <ClInclude Include="semaphore.h" />
    <ClInclude Include="semaphore.hpp" />
    <ClInclude Include="shift.hpp" />
    <ClInclude Include="stringop.hpp" />
    <ClInclude Include="unconditional_branch.h" />
    <ClInclude Include="utils.hpp" />
    <ClInclude Include="cmov.h" />
    <ClInclude Include="conditional_branch.h" />
    <ClInclude Include="instrumentation.h" />
    <ClInclude Include="logical.h" />
    <ClInclude Include="logical.hpp" />
    <ClInclude Include="misc.h" />
    <ClInclude Include="pop.h" />
    <ClInclude Include="push.h" />
    <ClInclude Include="relations.h" />
    <ClInclude Include="shift.h" />
    <ClInclude Include="stringop.h" />
    <ClInclude Include="syscalls.h" />
    <ClInclude Include="utils.h" />
    <ClInclude Include="binary.h">
      <Filter>Binary</Filter>
    </ClInclude>
    <ClInclude Include="binary.hpp">
      <Filter>Binary</Filter>
    </ClInclude>
    <ClInclude Include="bitbyte.h">
      <Filter>BitByte</Filter>
    </ClInclude>
    <ClInclude Include="bitbyte.hpp">
      <Filter>BitByte</Filter>
    </ClInclude>
    <ClInclude Include="dataxfer.h">
      <Filter>Dataxfer</Filter>
    </ClInclude>
    <ClInclude Include="dataxfer.hpp">
      <Filter>Dataxfer</Filter>
    </ClInclude>
    <ClInclude Include="decimal.h">
      <Filter>Decimal</Filter>
    </ClInclude>
    <ClInclude Include="ObjectSource.h">
      <Filter>Taint classes</Filter>
    </ClInclude>
    <ClInclude Include="TaintManager.h">
      <Filter>Taint classes</Filter>
    </ClInclude>
    <ClInclude Include="TaintObject.h">
      <Filter>Taint classes</Filter>
    </ClInclude>
    <ClInclude Include="architecture.h">
      <Filter>Taint classes</Filter>
    </ClInclude>
    <ClInclude Include="buildFormula.h">
      <Filter>BuildFormula</Filter>
    </ClInclude>
    <ClInclude Include="call.h">
      <Filter>Call</Filter>
    </ClInclude>
  </ItemGroup>
  <ItemGroup>
    <Filter Include="Binary">
      <UniqueIdentifier>{198e73f5-c4cd-45c5-bbfa-82eeff377375}</UniqueIdentifier>
    </Filter>
    <Filter Include="BitByte">
      <UniqueIdentifier>{4dc6e1d3-2c74-4c56-84ce-e3112bab5c55}</UniqueIdentifier>
    </Filter>
    <Filter Include="Dataxfer">
      <UniqueIdentifier>{a447a623-a2c3-458c-8ec3-68458d1e83fe}</UniqueIdentifier>
    </Filter>
    <Filter Include="Decimal">
      <UniqueIdentifier>{6d067931-3ba3-4e91-9755-e90f71c17a18}</UniqueIdentifier>
    </Filter>
    <Filter Include="Taint classes">
      <UniqueIdentifier>{5225693a-71d1-48eb-a602-14444e4d72c7}</UniqueIdentifier>
    </Filter>
    <Filter Include="BuildFormula">
      <UniqueIdentifier>{a2cb6821-50a1-4e72-a047-161c0b178285}</UniqueIdentifier>
    </Filter>
    <Filter Include="Call">
      <UniqueIdentifier>{65a4a5b9-2c8e-4fe8-a326-78d5e457103f}</UniqueIdentifier>
    </Filter>
  </ItemGroup>
</Project>